
Microsoft Visual Studio Solution File, Format Version 12.00
# Visual Studio Version 17
VisualStudioVersion = 17.10.35027.167
MinimumVisualStudioVersion = 10.0.40219.1
Project("{FAE04EC0-301F-11D3-BF4B-00C04F79EFBC}") = "TruckData", "TruckData.csproj", "{DAEDD71A-E781-4CDE-9B13-8A33F23B2B2D}"
EndProject
Global
	GlobalSection(SolutionConfigurationPlatforms) = preSolution
		Debug|Any CPU = Debug|Any CPU
		Release|Any CPU = Release|Any CPU
	EndGlobalSection
	GlobalSection(ProjectConfigurationPlatforms) = postSolution
		{DAEDD71A-E781-4CDE-9B13-8A33F23B2B2D}.Debug|Any CPU.ActiveCfg = Debug|Any CPU
		{DAEDD71A-E781-4CDE-9B13-8A33F23B2B2D}.Debug|Any CPU.Build.0 = Debug|Any CPU
		{DAEDD71A-E781-4CDE-9B13-8A33F23B2B2D}.Release|Any CPU.ActiveCfg = Release|Any CPU
		{DAEDD71A-E781-4CDE-9B13-8A33F23B2B2D}.Release|Any CPU.Build.0 = Release|Any CPU
	EndGlobalSection
	GlobalSection(SolutionProperties) = preSolution
		HideSolutionNode = FALSE
	EndGlobalSection
	GlobalSection(ExtensibilityGlobals) = postSolution
		SolutionGuid = {1C569012-E325-402C-A142-9028809171D6}
	EndGlobalSection
EndGlobal
